schema: '2.0'
stages:
  build_features:
    cmd: python .\src\features\build_features_v2.py
    deps:
    - path: .\data\raw\
      hash: md5
      md5: aa2f1c95ea7e4e028f471f63f7279d08.dir
      size: 2307074
      nfiles: 2
    - path: .\src\features\build_features_v2.py
      hash: md5
      md5: 3c3459adac4184b69a6275e947991f75
      size: 3425
  train_model:
    cmd:
    - python .\src\models\train_model.py .\data\processed\
    - python .\src\models\train_model2.py .\data\processed\
    deps:
    - path: .\data\processed\
      hash: md5
      md5: e570ee16473572585609049fb74b6275.dir
      size: 2972980
      nfiles: 3
    - path: .\src\models\train_model.py
      hash: md5
      md5: 4f35678571b0b6162efba8c918103f3a
      size: 4740
    - path: .\src\models\train_model2.py
      hash: md5
      md5: 6eeb4be0c8e6dd21800c348592a99483
      size: 2183
  push_model:
    cmd: python .\src\models\push_model.py .\data\processed\
    deps:
    - path: .\models\
      hash: md5
      md5: b01b32303fffb0c44179730f4960f4c1.dir
      size: 139671654
      nfiles: 5
    - path: .\src\models\train_model.py
      hash: md5
      md5: 4f35678571b0b6162efba8c918103f3a
      size: 4740
    - path: .\src\models\train_model2.py
      hash: md5
      md5: 6eeb4be0c8e6dd21800c348592a99483
      size: 2183
